
Microsoft Visual Studio Solution File, Format Version 12.00
# Visual Studio Version 17
VisualStudioVersion = 17.3.32825.248
MinimumVisualStudioVersion = 10.0.40219.1
Project("{9A19103F-16F7-4668-BE54-9A1E7A4F7556}") = "Colin", "Colin.csproj", "{07118344-94D5-41A9-A391-670474CC88F8}"
EndProject
Global
	GlobalSection(SolutionConfigurationPlatforms) = preSolution
		Debug|Any CPU = Debug|Any CPU
		Release|Any CPU = Release|Any CPU
	EndGlobalSection
	GlobalSection(ProjectConfigurationPlatforms) = postSolution
		{07118344-94D5-41A9-A391-670474CC88F8}.Debug|Any CPU.ActiveCfg = Debug|Any CPU
		{07118344-94D5-41A9-A391-670474CC88F8}.Debug|Any CPU.Build.0 = Debug|Any CPU
		{07118344-94D5-41A9-A391-670474CC88F8}.Release|Any CPU.ActiveCfg = Release|Any CPU
		{07118344-94D5-41A9-A391-670474CC88F8}.Release|Any CPU.Build.0 = Release|Any CPU
	EndGlobalSection
	GlobalSection(SolutionProperties) = preSolution
		HideSolutionNode = FALSE
	EndGlobalSection
	GlobalSection(ExtensibilityGlobals) = postSolution
		SolutionGuid = {DBF680A5-B93B-4D0E-9263-4AAEA2F1B8FB}
	EndGlobalSection
EndGlobal
